{
  "requires": true,
  "lockfileVersion": 1,
  "dependencies": {
    "codyhouse-framework": {
      "version": "2.5.5",
      "resolved": "https://registry.npmjs.org/codyhouse-framework/-/codyhouse-framework-2.5.5.tgz",
      "integrity": "sha512-NNbIA7YVziQ5LW+oO+aVJYiB1XRr/u2luQQiE9iHKRqha133IBoffSkD1n8SdNE7B/Qo5X0AHndS0P6W9kaqJw=="
    }
  }
}
